// !$*UTF8*$!
{
	archiveVersion = 1;
	classes = {
	};
	objectVersion = 46;
	objects = {

/* Begin PBXBuildFile section */
		BC2228451CC2CFE40010C9D8 /* AppDelegate.swift in Sources */ = {isa = PBXBuildFile; fileRef = BC2228441CC2CFE40010C9D8 /* AppDelegate.swift */; };
		BC2228471CC2CFE40010C9D8 /* ViewController.swift in Sources */ = {isa = PBXBuildFile; fileRef = BC2228461CC2CFE40010C9D8 /* ViewController.swift */; };
		BC22284A1CC2CFE40010C9D8 /* Main.storyboard in Resources */ = {isa = PBXBuildFile; fileRef = BC2228481CC2CFE40010C9D8 /* Main.storyboard */; };
		BC22284C1CC2CFE40010C9D8 /* Assets.xcassets in Resources */ = {isa = PBXBuildFile; fileRef = BC22284B1CC2CFE40010C9D8 /* Assets.xcassets */; };
		BC22284F1CC2CFE40010C9D8 /* LaunchScreen.storyboard in Resources */ = {isa = PBXBuildFile; fileRef = BC22284D1CC2CFE40010C9D8 /* LaunchScreen.storyboard */; };
/* End PBXBuildFile section */

/* Begin PBXFileReference section */
		BC2228411CC2CFE40010C9D8 /* Controller The Keyboard.app */ = {isa = PBXFileReference; explicitFileType = wrapper.application; includeInIndex = 0; path = "Controller The Keyboard.app"; sourceTree = BUILT_PRODUCTS_DIR; };
		BC2228441CC2CFE40010C9D8 /* AppDelegate.swift */ = {isa = PBXFileReference; lastKnownFileType = sourcecode.swift; path = AppDelegate.swift; sourceTree = "<group>"; };
		BC2228461CC2CFE40010C9D8 /* ViewController.swift */ = {isa = PBXFileReference; lastKnownFileType = sourcecode.swift; path = ViewController.swift; sourceTree = "<group>"; };
		BC2228491CC2CFE40010C9D8 /* Base */ = {isa = PBXFileReference; lastKnownFileType = file.storyboard; name = Base; path = Base.lproj/Main.storyboard; sourceTree = "<group>"; };
		BC22284B1CC2CFE40010C9D8 /* Assets.xcassets */ = {isa = PBXFileReference; lastKnownFileType = folder.assetcatalog; path = Assets.xcassets; sourceTree = "<group>"; };
		BC22284E1CC2CFE40010C9D8 /* Base */ = {isa = PBXFileReference; lastKnownFileType = file.storyboard; name = Base; path = Base.lproj/LaunchScreen.storyboard; sourceTree = "<group>"; };
		BC2228501CC2CFE40010C9D8 /* Info.plist */ = {isa = PBXFileReference; lastKnownFileType = text.plist.xml; path = Info.plist; sourceTree = "<group>"; };
/* End PBXFileReference section */

/* Begin PBXFrameworksBuildPhase section */
		BC22283E1CC2CFE40010C9D8 /* Frameworks */ = {
			isa = PBXFrameworksBuildPhase;
			buildActionMask = 2147483647;
			files = (
			);
			runOnlyForDeploymentPostprocessing = 0;
		};
/* End PBXFrameworksBuildPhase section */

/* Begin PBXGroup section */
		BC2228381CC2CFE40010C9D8 = {
			isa = PBXGroup;
			children = (
				BC2228431CC2CFE40010C9D8 /* Controller The Keyboard */,
				BC2228421CC2CFE40010C9D8 /* Products */,
			);
			sourceTree = "<group>";
		};
		BC2228421CC2CFE40010C9D8 /* Products */ = {
			isa = PBXGroup;
			children = (
				BC2228411CC2CFE40010C9D8 /* Controller The Keyboard.app */,
			);
			name = Products;
			sourceTree = "<group>";
		};
		BC2228431CC2CFE40010C9D8 /* Controller The Keyboard */ = {
			isa = PBXGroup;
			children = (
				BC2228441CC2CFE40010C9D8 /* AppDelegate.swift */,
				BC2228461CC2CFE40010C9D8 /* ViewController.swift */,
				BC2228481CC2CFE40010C9D8 /* Main.storyboard */,
				BC22284B1CC2CFE40010C9D8 /* Assets.xcassets */,
				BC22284D1CC2CFE40010C9D8 /* LaunchScreen.storyboard */,
				BC2228501CC2CFE40010C9D8 /* Info.plist */,
			);
			path = "Controller The Keyboard";
			sourceTree = "<group>";
		};
/* End PBXGroup section */

/* Begin PBXNativeTarget section */
		BC2228401CC2CFE40010C9D8 /* Controller The Keyboard */ = {
			isa = PBXNativeTarget;
			buildConfigurationList = BC2228531CC2CFE40010C9D8 /* Build configuration list for PBXNativeTarget "Controller The Keyboard" */;
			buildPhases = (
				BC22283D1CC2CFE40010C9D8 /* Sources */,
				BC22283E1CC2CFE40010C9D8 /* Frameworks */,
				BC22283F1CC2CFE40010C9D8 /* Resources */,
			);
			buildRules = (
			);
			dependencies = (
			);
			name = "Controller The Keyboard";
			productName = "Controller The Keyboard";
			productReference = BC2228411CC2CFE40010C9D8 /* Controller The Keyboard.app */;
			productType = "com.apple.product-type.application";
		};
/* End PBXNativeTarget section */

/* Begin PBXProject section */
		BC2228391CC2CFE40010C9D8 /* Project object */ = {
			isa = PBXProject;
			attributes = {
				LastSwiftUpdateCheck = 0720;
				LastUpgradeCheck = 0720;
				ORGANIZATIONNAME = "Dion Yang";
				TargetAttributes = {
					BC2228401CC2CFE40010C9D8 = {
						CreatedOnToolsVersion = 7.2;
						DevelopmentTeam = 5B5JTQKQF4;
					};
				};
			};
			buildConfigurationList = BC22283C1CC2CFE40010C9D8 /* Build configuration list for PBXProject "Controller The Keyboard" */;
			compatibilityVersion = "Xcode 3.2";
			developmentRegion = English;
			hasScannedForEncodings = 0;
			knownRegions = (
				en,
				Base,
			);
			mainGroup = BC2228381CC2CFE40010C9D8;
			productRefGroup = BC2228421CC2CFE40010C9D8 /* Products */;
			projectDirPath = "";
			projectRoot = "";
			targets = (
				BC2228401CC2CFE40010C9D8 /* Controller The Keyboard */,
			);
		};
/* End PBXProject section */

/* Begin PBXResourcesBuildPhase section */
		BC22283F1CC2CFE40010C9D8 /* Resources */ = {
			isa = PBXResourcesBuildPhase;
			buildActionMask = 2147483647;
			files = (
				BC22284F1CC2CFE40010C9D8 /* LaunchScreen.storyboard in Resources */,
				BC22284C1CC2CFE40010C9D8 /* Assets.xcassets in Resources */,
				BC22284A1CC2CFE40010C9D8 /* Main.storyboard in Resources */,
			);
			runOnlyForDeploymentPostprocessing = 0;
		};
/* End PBXResourcesBuildPhase section */

/* Begin PBXSourcesBuildPhase section */
		BC22283D1CC2CFE40010C9D8 /* Sources */ = {
			isa = PBXSourcesBuildPhase;
			buildActionMask = 2147483647;
			files = (
				BC2228471CC2CFE40010C9D8 /* ViewController.swift in Sources */,
				BC2228451CC2CFE40010C9D8 /* AppDelegate.swift in Sources */,
			);
			runOnlyForDeploymentPostprocessing = 0;
		};
/* End PBXSourcesBuildPhase section */

/* Begin PBXVariantGroup section */
		BC2228481CC2CFE40010C9D8 /* Main.storyboard */ = {
			isa = PBXVariantGroup;
			children = (
				BC2228491CC2CFE40010C9D8 /* Base */,
			);
			name = Main.storyboard;
			sourceTree = "<group>";
		};
		BC22284D1CC2CFE40010C9D8 /* LaunchScreen.storyboard */ = {
			isa = PBXVariantGroup;
			children = (
				BC22284E1CC2CFE40010C9D8 /* Base */,
			);
			name = LaunchScreen.storyboard;
			sourceTree = "<group>";
		};
/* End PBXVariantGroup section */

/* Begin XCBuildConfiguration section */
		BC2228511CC2CFE40010C9D8 /* Debug */ = {
			isa = XCBuildConfiguration;
			buildSettings = {
				ALWAYS_SEARCH_USER_PATHS = NO;
				CLANG_CXX_LANGUAGE_STANDARD = "gnu++0x";
				CLANG_CXX_LIBRARY = "libc++";
				CLANG_ENABLE_MODULES = YES;
				CLANG_ENABLE_OBJC_ARC = YES;
				CLANG_WARN_BOOL_CONVERSION = YES;
				CLANG_WARN_CONSTANT_CONVERSION = YES;
				CLANG_WARN_DIRECT_OBJC_ISA_USAGE = YES_ERROR;
				CLANG_WARN_EMPTY_BODY = YES;
				CLANG_WARN_ENUM_CONVERSION = YES;
				CLANG_WARN_INT_CONVERSION = YES;
				CLANG_WARN_OBJC_ROOT_CLASS = YES_ERROR;
				CLANG_WARN_UNREACHABLE_CODE = YES;
				CLANG_WARN__DUPLICATE_METHOD_MATCH = YES;
				"CODE_SIGN_IDENTITY[sdk=iphoneos*]" = "iPhone Developer";
				COPY_PHASE_STRIP = NO;
				DEBUG_INFORMATION_FORMAT = dwarf;
				ENABLE_STRICT_OBJC_MSGSEND = YES;
				ENABLE_TESTABILITY = YES;
				GCC_C_LANGUAGE_STANDARD = gnu99;
				GCC_DYNAMIC_NO_PIC = NO;
				GCC_NO_COMMON_BLOCKS = YES;
				GCC_OPTIMIZATION_LEVEL = 0;
				GCC_PREPROCESSOR_DEFINITIONS = (
					"DEBUG=1",
					"$(inherited)",
				);
				GCC_WARN_64_TO_32_BIT_CONVERSION = YES;
				GCC_WARN_ABOUT_RETURN_TYPE = YES_ERROR;
				GCC_WARN_UNDECLARED_SELECTOR = YES;
				GCC_WARN_UNINITIALIZED_AUTOS = YES_AGGRESSIVE;
				GCC_WARN_UNUSED_FUNCTION = YES;
				GCC_WARN_UNUSED_VARIABLE = YES;
				IPHONEOS_DEPLOYMENT_TARGET = 9.2;
				MTL_ENABLE_DEBUG_INFO = YES;
				ONLY_ACTIVE_ARCH = YES;
				SDKROOT = iphoneos;
				SWIFT_OPTIMIZATION_LEVEL = "-Onone";
			};
			name = Debug;
		};
		BC2228521CC2CFE40010C9D8 /* Release */ = {
			isa = XCBuildConfiguration;
			buildSettings = {
				ALWAYS_SEARCH_USER_PATHS = NO;
				CLANG_CXX_LANGUAGE_STANDARD = "gnu++0x";
				CLANG_CXX_LIBRARY = "libc++";
				CLANG_ENABLE_MODULES = YES;
				CLANG_ENABLE_OBJC_ARC = YES;
				CLANG_WARN_BOOL_CONVERSION = YES;
				CLANG_WARN_CONSTANT_CONVERSION = YES;
				CLANG_WARN_DIRECT_OBJC_ISA_USAGE = YES_ERROR;
				CLANG_WARN_EMPTY_BODY = YES;
				CLANG_WARN_ENUM_CONVERSION = YES;
				CLANG_WARN_INT_CONVERSION = YES;
				CLANG_WARN_OBJC_ROOT_CLASS = YES_ERROR;
				CLANG_WARN_UNREACHABLE_CODE = YES;
				CLANG_WARN__DUPLICATE_METHOD_MATCH = YES;
				"CODE_SIGN_IDENTITY[sdk=iphoneos*]" = "iPhone Developer";
				COPY_PHASE_STRIP = NO;
				DEBUG_INFORMATION_FORMAT = "dwarf-with-dsym";
				ENABLE_NS_ASSERTIONS = NO;
				ENABLE_STRICT_OBJC_MSGSEND = YES;
				GCC_C_LANGUAGE_STANDARD = gnu99;
				GCC_NO_COMMON_BLOCKS = YES;
				GCC_WARN_64_TO_32_BIT_CONVERSION = YES;
				GCC_WARN_ABOUT_RETURN_TYPE = YES_ERROR;
				GCC_WARN_UNDECLARED_SELECTOR = YES;
				GCC_WARN_UNINITIALIZED_AUTOS = YES_AGGRESSIVE;
				GCC_WARN_UNUSED_FUNCTION = YES;
				GCC_WARN_UNUSED_VARIABLE = YES;
				IPHONEOS_DEPLOYMENT_TARGET = 9.2;
				MTL_ENABLE_DEBUG_INFO = NO;
				SDKROOT = iphoneos;
				VALIDATE_PRODUCT = YES;
			};
			name = Release;
		};
		BC2228541CC2CFE40010C9D8 /* Debug */ = {
			isa = XCBuildConfiguration;
			buildSettings = {
				ASSETCATALOG_COMPILER_APPICON_NAME = AppIcon;
				INFOPLIST_FILE = "Controller The Keyboard/Info.plist";
				LD_RUNPATH_SEARCH_PATHS = "$(inherited) @executable_path/Frameworks";
				PRODUCT_BUNDLE_IDENTIFIER = "com.dyang.Controller-The-Keyboard";
				PRODUCT_NAME = "$(TARGET_NAME)";
			};
			name = Debug;
		};
		BC2228551CC2CFE40010C9D8 /* Release */ = {
			isa = XCBuildConfiguration;
			buildSettings = {
				ASSETCATALOG_COMPILER_APPICON_NAME = AppIcon;
				INFOPLIST_FILE = "Controller The Keyboard/Info.plist";
				LD_RUNPATH_SEARCH_PATHS = "$(inherited) @executable_path/Frameworks";
				PRODUCT_BUNDLE_IDENTIFIER = "com.dyang.Controller-The-Keyboard";
				PRODUCT_NAME = "$(TARGET_NAME)";
			};
			name = Release;
		};
/* End XCBuildConfiguration section */

/* Begin XCConfigurationList section */
		BC22283C1CC2CFE40010C9D8 /* Build configuration list for PBXProject "Controller The Keyboard" */ = {
			isa = XCConfigurationList;
			buildConfigurations = (
				BC2228511CC2CFE40010C9D8 /* Debug */,
				BC2228521CC2CFE40010C9D8 /* Release */,
			);
			defaultConfigurationIsVisible = 0;
			defaultConfigurationName = Release;
		};
		BC2228531CC2CFE40010C9D8 /* Build configuration list for PBXNativeTarget "Controller The Keyboard" */ = {
			isa = XCConfigurationList;
			buildConfigurations = (
				BC2228541CC2CFE40010C9D8 /* Debug */,
				BC2228551CC2CFE40010C9D8 /* Release */,
			);
			defaultConfigurationIsVisible = 0;
		};
/* End XCConfigurationList section */
	};
	rootObject = BC2228391CC2CFE40010C9D8 /* Project object */;
}
